
Microsoft Visual Studio Solution File, Format Version 12.00
# Visual Studio 15
VisualStudioVersion = 15.0.28010.2046
MinimumVisualStudioVersion = 10.0.40219.1
Project("{FAE04EC0-301F-11D3-BF4B-00C04F79EFBC}") = "Exam-sem3", "Exam-sem3\Exam-sem3.csproj", "{D08C40E0-94A5-4C83-A3E1-48169E279047}"
EndProject
Global
	GlobalSection(SolutionConfigurationPlatforms) = preSolution
		Debug|Any CPU = Debug|Any CPU
		Release|Any CPU = Release|Any CPU
	EndGlobalSection
	GlobalSection(ProjectConfigurationPlatforms) = postSolution
		{D08C40E0-94A5-4C83-A3E1-48169E279047}.Debug|Any CPU.ActiveCfg = Debug|Any CPU
		{D08C40E0-94A5-4C83-A3E1-48169E279047}.Debug|Any CPU.Build.0 = Debug|Any CPU
		{D08C40E0-94A5-4C83-A3E1-48169E279047}.Release|Any CPU.ActiveCfg = Release|Any CPU
		{D08C40E0-94A5-4C83-A3E1-48169E279047}.Release|Any CPU.Build.0 = Release|Any CPU
	EndGlobalSection
	GlobalSection(SolutionProperties) = preSolution
		HideSolutionNode = FALSE
	EndGlobalSection
	GlobalSection(ExtensibilityGlobals) = postSolution
		SolutionGuid = {E5ECA012-C36C-4EA5-9B5E-C5450B34AD2D}
	EndGlobalSection
EndGlobal
